
Microsoft Visual Studio Solution File, Format Version 12.00
# Visual Studio Version 17
VisualStudioVersion = 17.1.32407.343
MinimumVisualStudioVersion = 10.0.40219.1
Project("{FAE04EC0-301F-11D3-BF4B-00C04F79EFBC}") = "The array's largest number 1", "The array's largest number 1\The array's largest number 1.csproj", "{F5C502F9-01D2-4900-BC5E-E0B3B89060C6}"
EndProject
Global
	GlobalSection(SolutionConfigurationPlatforms) = preSolution
		Debug|Any CPU = Debug|Any CPU
		Release|Any CPU = Release|Any CPU
	EndGlobalSection
	GlobalSection(ProjectConfigurationPlatforms) = postSolution
		{F5C502F9-01D2-4900-BC5E-E0B3B89060C6}.Debug|Any CPU.ActiveCfg = Debug|Any CPU
		{F5C502F9-01D2-4900-BC5E-E0B3B89060C6}.Debug|Any CPU.Build.0 = Debug|Any CPU
		{F5C502F9-01D2-4900-BC5E-E0B3B89060C6}.Release|Any CPU.ActiveCfg = Release|Any CPU
		{F5C502F9-01D2-4900-BC5E-E0B3B89060C6}.Release|Any CPU.Build.0 = Release|Any CPU
	EndGlobalSection
	GlobalSection(SolutionProperties) = preSolution
		HideSolutionNode = FALSE
	EndGlobalSection
	GlobalSection(ExtensibilityGlobals) = postSolution
		SolutionGuid = {88D6522A-7999-46DA-82A1-B03DE46CDD16}
	EndGlobalSection
EndGlobal
